{
  "name": "clmutils",
  "version": "2.2.1",
  "lockfileVersion": 1,
  "dependencies": {
    "chaikin-smooth": {
      "version": "0.0.0",
      "resolved": "https://registry.npmjs.org/chaikin-smooth/-/chaikin-smooth-0.0.0.tgz",
      "integrity": "sha1-UXAdOVJ0TzrPGw0Z+BRdOOHauoQ="
    },
    "getboundingbox": {
      "version": "0.0.0",
      "resolved": "https://registry.npmjs.org/getboundingbox/-/getboundingbox-0.0.0.tgz",
      "integrity": "sha1-4EVInikVPG7mvTGybq1EFGHWYBw="
    }
  }
}
