{
  "name": "clmutils",
  "version": "2.2.1",
  "lockfileVersion": 1,
  "dependencies": {
    "chaikin-smooth": {
      "version": "1.0.4",
      "resolved": "https://registry.npmjs.org/chaikin-smooth/-/chaikin-smooth-1.0.4.tgz",
      "integrity": "sha1-HL12g9l7XYx1yOkhflDKeEBRDq0="
    },
    "getboundingbox": {
      "version": "1.0.0",
      "resolved": "https://registry.npmjs.org/getboundingbox/-/getboundingbox-1.0.0.tgz",
      "integrity": "sha1-I/nzDNuhmz1naes5McEFxHV6+wU="
    },
    "vec2-copy": {
      "version": "1.0.0",
      "resolved": "https://registry.npmjs.org/vec2-copy/-/vec2-copy-1.0.0.tgz",
      "integrity": "sha1-xu7B2NrVRiUZTl9x+EM7YtLyCno="
    }
  }
}
